<?xml version="1.0" encoding="utf-8"?>
<Project ToolsVersion="4.0" xmlns="http://schemas.microsoft.com/developer/msbuild/2003">
  <ItemGroup>
    <Filter Include="Source Files">
      <UniqueIdentifier>{4FC737F1-C7A5-4376-A066-2A32D752A2FF}</UniqueIdentifier>
      <Extensions>cpp;cxx;c;def</Extensions>
    </Filter>
    <Filter Include="Header Files">
      <UniqueIdentifier>{93995380-89BD-4b04-88EB-625FBE52EBFB}</UniqueIdentifier>
      <Extensions>h</Extensions>
    </Filter>
    <Filter Include="Resource Files">
      <UniqueIdentifier>{D9D6E242-F8AF-46E4-B9FD-80ECBC20BA3E}</UniqueIdentifier>
      <Extensions>qrc;*</Extensions>
      <ParseFiles>false</ParseFiles>
    </Filter>
    <Filter Include="Generated Files">
      <UniqueIdentifier>{71ED8ED8-ACB9-4CE9-BBE1-E00B30144E11}</UniqueIdentifier>
      <Extensions>moc;h;cpp</Extensions>
      <SourceControlFiles>False</SourceControlFiles>
    </Filter>
    <Filter Include="CUDA Files">
      <UniqueIdentifier>{285eed58-9c3a-4f3e-939e-e3c1074ab8c7}</UniqueIdentifier>
    </Filter>
  </ItemGroup>
  <ItemGroup>
    <ClCompile Include="main.cpp">
      <Filter>Source Files</Filter>
    </ClCompile>
    <ClCompile Include="AAM_common.cpp">
      <Filter>Source Files</Filter>
    </ClCompile>
    <ClCompile Include="AAM_Detection_Combination.cpp">
      <Filter>Source Files</Filter>
    </ClCompile>
    <ClCompile Include="AAM_RealGlobal_GPU.cpp">
      <Filter>Source Files</Filter>
    </ClCompile>
    <ClCompile Include="AAM_train.cpp">
      <Filter>Source Files</Filter>
    </ClCompile>
    <ClCompile Include="AptPCA_float.cpp">
      <Filter>Source Files</Filter>
    </ClCompile>
    <ClCompile Include="CodeTimer.cpp">
      <Filter>Source Files</Filter>
    </ClCompile>
    <ClCompile Include="delaunay triangulation.cpp">
      <Filter>Source Files</Filter>
    </ClCompile>
    <ClCompile Include="geoHashing.cpp">
      <Filter>Source Files</Filter>
    </ClCompile>
    <ClCompile Include="HashTable.cpp">
      <Filter>Source Files</Filter>
    </ClCompile>
    <ClCompile Include="imageAli_common.cpp">
      <Filter>Source Files</Filter>
    </ClCompile>
    <ClCompile Include="ImageRenderer.cpp">
      <Filter>Source Files</Filter>
    </ClCompile>
    <ClCompile Include="LSAlignment.cpp">
      <Filter>Source Files</Filter>
    </ClCompile>
    <ClCompile Include="piece affine warping.cpp">
      <Filter>Source Files</Filter>
    </ClCompile>
    <ClCompile Include="randtree.cpp">
      <Filter>Source Files</Filter>
    </ClCompile>
    <ClCompile Include="saveandread.cpp">
      <Filter>Source Files</Filter>
    </ClCompile>
    <ClCompile Include="shape.cpp">
      <Filter>Source Files</Filter>
    </ClCompile>
    <ClCompile Include="showImgPts.cpp">
      <Filter>Source Files</Filter>
    </ClCompile>
    <ClCompile Include="stdafx.cpp">
      <Filter>Source Files</Filter>
    </ClCompile>
    <ClCompile Include="texture.cpp">
      <Filter>Source Files</Filter>
    </ClCompile>
  </ItemGroup>
  <ItemGroup>
    <ClInclude Include="AAM_common.h">
      <Filter>Header Files</Filter>
    </ClInclude>
    <ClInclude Include="AAM_Detection_Combination.h">
      <Filter>Header Files</Filter>
    </ClInclude>
    <ClInclude Include="AAM_Detection_Combination_CUDA.h">
      <Filter>Header Files</Filter>
    </ClInclude>
    <ClInclude Include="AAM_RealGlobal_CUDA.h">
      <Filter>Header Files</Filter>
    </ClInclude>
    <ClInclude Include="AAM_RealGlobal_GPU.h">
      <Filter>Header Files</Filter>
    </ClInclude>
    <ClInclude Include="AAM_train.h">
      <Filter>Header Files</Filter>
    </ClInclude>
    <ClInclude Include="aptPCA_float.h">
      <Filter>Header Files</Filter>
    </ClInclude>
    <ClInclude Include="CodeTimer.h">
      <Filter>Header Files</Filter>
    </ClInclude>
    <ClInclude Include="CUDA_basic.h">
      <Filter>Header Files</Filter>
    </ClInclude>
    <ClInclude Include="definationCPU.h">
      <Filter>Header Files</Filter>
    </ClInclude>
    <ClInclude Include="delaunay triangulation.h">
      <Filter>Header Files</Filter>
    </ClInclude>
    <ClInclude Include="geoHashing.h">
      <Filter>Header Files</Filter>
    </ClInclude>
    <ClInclude Include="GRandom.h">
      <Filter>Header Files</Filter>
    </ClInclude>
    <ClInclude Include="HashTable.h">
      <Filter>Header Files</Filter>
    </ClInclude>
    <ClInclude Include="ImageRenderer.h">
      <Filter>Header Files</Filter>
    </ClInclude>
    <ClInclude Include="imgAli_common.h">
      <Filter>Header Files</Filter>
    </ClInclude>
    <ClInclude Include="LSAlignment.h">
      <Filter>Header Files</Filter>
    </ClInclude>
    <ClInclude Include="Piece Affine Warping.h">
      <Filter>Header Files</Filter>
    </ClInclude>
    <ClInclude Include="RandomizedTreeGPU.h">
      <Filter>Header Files</Filter>
    </ClInclude>
    <ClInclude Include="randtree.h">
      <Filter>Header Files</Filter>
    </ClInclude>
    <ClInclude Include="readDepth.h">
      <Filter>Header Files</Filter>
    </ClInclude>
    <ClInclude Include="saveandread.h">
      <Filter>Header Files</Filter>
    </ClInclude>
    <ClInclude Include="shape.h">
      <Filter>Header Files</Filter>
    </ClInclude>
    <ClInclude Include="sharedDefination.h">
      <Filter>Header Files</Filter>
    </ClInclude>
    <ClInclude Include="ShowImgPts.h">
      <Filter>Header Files</Filter>
    </ClInclude>
    <ClInclude Include="stdafx.h">
      <Filter>Header Files</Filter>
    </ClInclude>
    <ClInclude Include="targetver.h">
      <Filter>Header Files</Filter>
    </ClInclude>
    <ClInclude Include="texture.h">
      <Filter>Header Files</Filter>
    </ClInclude>
  </ItemGroup>
  <ItemGroup>
    <ResourceCompile Include="AAMModule.rc" />
  </ItemGroup>
  <ItemGroup>
    <CudaCompile Include="AAM_RealGlobal_CUDA.cu" />
    <CudaCompile Include="MM.cu" />
    <CudaCompile Include="RandomizedTree.cu" />
    <CudaCompile Include="AAM_Detection_Combination_CUDA.cu" />
  </ItemGroup>
</Project>